
Microsoft Visual Studio Solution File, Format Version 12.00
# Visual Studio 15
VisualStudioVersion = 15.0.28307.902
MinimumVisualStudioVersion = 10.0.40219.1
Project("{FAE04EC0-301F-11D3-BF4B-00C04F79EFBC}") = "ClientPayment", "ClientPayment\ClientPayment.csproj", "{C1E48596-1304-4E3E-B661-EFA0D082FD01}"
EndProject
Project("{FAE04EC0-301F-11D3-BF4B-00C04F79EFBC}") = "ClientOrderNew", "ClientOrderNew\ClientOrderNew.csproj", "{48AF79FF-0DA5-4234-A65C-9D5359BE27BF}"
EndProject
Global
	GlobalSection(SolutionConfigurationPlatforms) = preSolution
		Debug|Any CPU = Debug|Any CPU
		Release|Any CPU = Release|Any CPU
	EndGlobalSection
	GlobalSection(ProjectConfigurationPlatforms) = postSolution
		{C1E48596-1304-4E3E-B661-EFA0D082FD01}.Debug|Any CPU.ActiveCfg = Debug|Any CPU
		{C1E48596-1304-4E3E-B661-EFA0D082FD01}.Debug|Any CPU.Build.0 = Debug|Any CPU
		{C1E48596-1304-4E3E-B661-EFA0D082FD01}.Release|Any CPU.ActiveCfg = Release|Any CPU
		{C1E48596-1304-4E3E-B661-EFA0D082FD01}.Release|Any CPU.Build.0 = Release|Any CPU
		{48AF79FF-0DA5-4234-A65C-9D5359BE27BF}.Debug|Any CPU.ActiveCfg = Debug|Any CPU
		{48AF79FF-0DA5-4234-A65C-9D5359BE27BF}.Debug|Any CPU.Build.0 = Debug|Any CPU
		{48AF79FF-0DA5-4234-A65C-9D5359BE27BF}.Release|Any CPU.ActiveCfg = Release|Any CPU
		{48AF79FF-0DA5-4234-A65C-9D5359BE27BF}.Release|Any CPU.Build.0 = Release|Any CPU
	EndGlobalSection
	GlobalSection(SolutionProperties) = preSolution
		HideSolutionNode = FALSE
	EndGlobalSection
	GlobalSection(ExtensibilityGlobals) = postSolution
		SolutionGuid = {E1EAB0A3-5E8C-47EF-99CC-E4BC82E955FF}
	EndGlobalSection
EndGlobal
